PODS:
  - Kingfisher (6.3.1)
  - RKBaseModule (0.1.0):
    - RKBaseModule/RKDownload (= 0.1.0)
    - RKBaseModule/RKExtention (= 0.1.0)
    - RKBaseModule/RKFilePreview (= 0.1.0)
    - RKBaseModule/RKHUD (= 0.1.0)
    - RKBaseModule/RKPrompt (= 0.1.0)
    - RKBaseModule/RKReplayKit (= 0.1.0)
    - RKBaseModule/RKTransitioning (= 0.1.0)
  - RKBaseModule/RKDownload (0.1.0)
  - RKBaseModule/RKExtention (0.1.0)
  - RKBaseModule/RKFilePreview (0.1.0):
    - Kingfisher
    - RKBaseModule/RKExtention
    - RKBaseModule/RKPrompt
    - SnapKit
  - RKBaseModule/RKHUD (0.1.0)
  - RKBaseModule/RKPrompt (0.1.0):
    - RKBaseModule/RKHUD
  - RKBaseModule/RKReplayKit (0.1.0)
  - RKBaseModule/RKTransitioning (0.1.0)
  - SnapKit (5.6.0)

DEPENDENCIES:
  - RKBaseModule (from `../`)

SPEC REPOS:
  trunk:
    - Kingfisher
    - SnapKit

EXTERNAL SOURCES:
  RKBaseModule:
    :path: "../"

SPEC CHECKSUMS:
  Kingfisher: 016c8b653a35add51dd34a3aba36b580041acc74
  RKBaseModule: cccea57c78b506c704aa6892a66d485695e35572
  SnapKit: e01d52ebb8ddbc333eefe2132acf85c8227d9c25

PODFILE CHECKSUM: 02fd7ecd61608a234ffa0f790c8d6334d118678a

COCOAPODS: 1.11.3
