PODS:
  - Kingfisher (6.3.1)
  - RKBaseModule/RKExtention (0.1.0)
  - RKBaseModule/RKFilePreview (0.1.0):
    - Kingfisher
    - RKBaseModule/RKExtention
    - RKBaseModule/RKPrompt
    - SnapKit
  - RKBaseModule/RKHUD (0.1.0)
  - RKBaseModule/RKPrompt (0.1.0):
    - RKBaseModule/RKHUD
  - SnapKit (5.6.0)

DEPENDENCIES:
  - RKBaseModule/RKFilePreview (from `../`)

SPEC REPOS:
  trunk:
    - Kingfisher
    - SnapKit

EXTERNAL SOURCES:
  RKBaseModule:
    :path: "../"

SPEC CHECKSUMS:
  Kingfisher: 016c8b653a35add51dd34a3aba36b580041acc74
  RKBaseModule: 64db067c05fd2494cc421a1c6dbf94a6513180ad
  SnapKit: e01d52ebb8ddbc333eefe2132acf85c8227d9c25

PODFILE CHECKSUM: 01c957401e6e37beb221ae711912b4b23a5192ef

COCOAPODS: 1.11.3
